// !$*UTF8*$!
{
	archiveVersion = 1;
	classes = {
	};
	objectVersion = 48;
	objects = {

/* Begin PBXBuildFile section */
		1876DEC41FD125D500187AF5 /* main.cpp in Sources */ = {isa = PBXBuildFile; fileRef = 1876DEC31FD125D400187AF5 /* main.cpp */; };
		1876DECC1FD1274A00187AF5 /* OpenGL.framework in Frameworks */ = {isa = PBXBuildFile; fileRef = 1876DECB1FD1273C00187AF5 /* OpenGL.framework */; };
		1876DECE1FD1275C00187AF5 /* GLUT.framework in Frameworks */ = {isa = PBXBuildFile; fileRef = 1876DECD1FD1275200187AF5 /* GLUT.framework */; };
		18A8F27B1FD41A2000F90954 /* keyboard.cpp in Sources */ = {isa = PBXBuildFile; fileRef = 18A8F2791FD41A2000F90954 /* keyboard.cpp */; };
		18A8F27E1FD4234500F90954 /* display.cpp in Sources */ = {isa = PBXBuildFile; fileRef = 18A8F27C1FD4234500F90954 /* display.cpp */; };
/* End PBXBuildFile section */

/* Begin PBXCopyFilesBuildPhase section */
		1876DEBE1FD125D400187AF5 /* CopyFiles */ = {
			isa = PBXCopyFilesBuildPhase;
			buildActionMask = 2147483647;
			dstPath = /usr/share/man/man1/;
			dstSubfolderSpec = 0;
			files = (
			);
			runOnlyForDeploymentPostprocessing = 1;
		};
/* End PBXCopyFilesBuildPhase section */

/* Begin PBXFileReference section */
		1876DEC01FD125D400187AF5 /* OpenGLUT */ = {isa = PBXFileReference; explicitFileType = "compiled.mach-o.executable"; includeInIndex = 0; path = OpenGLUT; sourceTree = BUILT_PRODUCTS_DIR; };
		1876DEC31FD125D400187AF5 /* main.cpp */ = {isa = PBXFileReference; lastKnownFileType = sourcecode.cpp.cpp; path = main.cpp; sourceTree = "<group>"; };
		1876DECB1FD1273C00187AF5 /* OpenGL.framework */ = {isa = PBXFileReference; lastKnownFileType = wrapper.framework; name = OpenGL.framework; path = System/Library/Frameworks/OpenGL.framework; sourceTree = SDKROOT; };
		1876DECD1FD1275200187AF5 /* GLUT.framework */ = {isa = PBXFileReference; lastKnownFileType = wrapper.framework; name = GLUT.framework; path = System/Library/Frameworks/GLUT.framework; sourceTree = SDKROOT; };
		18A8F2791FD41A2000F90954 /* keyboard.cpp */ = {isa = PBXFileReference; lastKnownFileType = sourcecode.cpp.cpp; path = keyboard.cpp; sourceTree = "<group>"; };
		18A8F27A1FD41A2000F90954 /* keyboard.hpp */ = {isa = PBXFileReference; lastKnownFileType = sourcecode.cpp.h; path = keyboard.hpp; sourceTree = "<group>"; };
		18A8F27C1FD4234500F90954 /* display.cpp */ = {isa = PBXFileReference; lastKnownFileType = sourcecode.cpp.cpp; path = display.cpp; sourceTree = "<group>"; };
		18A8F27D1FD4234500F90954 /* display.hpp */ = {isa = PBXFileReference; lastKnownFileType = sourcecode.cpp.h; path = display.hpp; sourceTree = "<group>"; };
/* End PBXFileReference section */

/* Begin PBXFrameworksBuildPhase section */
		1876DEBD1FD125D400187AF5 /* Frameworks */ = {
			isa = PBXFrameworksBuildPhase;
			buildActionMask = 2147483647;
			files = (
				1876DECE1FD1275C00187AF5 /* GLUT.framework in Frameworks */,
				1876DECC1FD1274A00187AF5 /* OpenGL.framework in Frameworks */,
			);
			runOnlyForDeploymentPostprocessing = 0;
		};
/* End PBXFrameworksBuildPhase section */

/* Begin PBXGroup section */
		1876DEB71FD125D400187AF5 = {
			isa = PBXGroup;
			children = (
				1876DEC21FD125D400187AF5 /* OpenGLUT */,
				1876DEC11FD125D400187AF5 /* Products */,
				1876DECA1FD1273B00187AF5 /* Frameworks */,
			);
			sourceTree = "<group>";
		};
		1876DEC11FD125D400187AF5 /* Products */ = {
			isa = PBXGroup;
			children = (
				1876DEC01FD125D400187AF5 /* OpenGLUT */,
			);
			name = Products;
			sourceTree = "<group>";
		};
		1876DEC21FD125D400187AF5 /* OpenGLUT */ = {
			isa = PBXGroup;
			children = (
				1876DEC31FD125D400187AF5 /* main.cpp */,
				18A8F27D1FD4234500F90954 /* display.hpp */,
				18A8F27C1FD4234500F90954 /* display.cpp */,
				18A8F27A1FD41A2000F90954 /* keyboard.hpp */,
				18A8F2791FD41A2000F90954 /* keyboard.cpp */,
			);
			path = OpenGLUT;
			sourceTree = "<group>";
		};
		1876DECA1FD1273B00187AF5 /* Frameworks */ = {
			isa = PBXGroup;
			children = (
				1876DECD1FD1275200187AF5 /* GLUT.framework */,
				1876DECB1FD1273C00187AF5 /* OpenGL.framework */,
			);
			name = Frameworks;
			sourceTree = "<group>";
		};
/* End PBXGroup section */

/* Begin PBXNativeTarget section */
		1876DEBF1FD125D400187AF5 /* OpenGLUT */ = {
			isa = PBXNativeTarget;
			buildConfigurationList = 1876DEC71FD125D500187AF5 /* Build configuration list for PBXNativeTarget "OpenGLUT" */;
			buildPhases = (
				1876DEBC1FD125D400187AF5 /* Sources */,
				1876DEBD1FD125D400187AF5 /* Frameworks */,
				1876DEBE1FD125D400187AF5 /* CopyFiles */,
			);
			buildRules = (
			);
			dependencies = (
			);
			name = OpenGLUT;
			productName = OpenGLUT;
			productReference = 1876DEC01FD125D400187AF5 /* OpenGLUT */;
			productType = "com.apple.product-type.tool";
		};
/* End PBXNativeTarget section */

/* Begin PBXProject section */
		1876DEB81FD125D400187AF5 /* Project object */ = {
			isa = PBXProject;
			attributes = {
				LastUpgradeCheck = 0910;
				ORGANIZATIONNAME = lsc;
				TargetAttributes = {
					1876DEBF1FD125D400187AF5 = {
						CreatedOnToolsVersion = 9.1;
						ProvisioningStyle = Automatic;
					};
				};
			};
			buildConfigurationList = 1876DEBB1FD125D400187AF5 /* Build configuration list for PBXProject "OpenGLUT" */;
			compatibilityVersion = "Xcode 8.0";
			developmentRegion = en;
			hasScannedForEncodings = 0;
			knownRegions = (
				en,
			);
			mainGroup = 1876DEB71FD125D400187AF5;
			productRefGroup = 1876DEC11FD125D400187AF5 /* Products */;
			projectDirPath = "";
			projectRoot = "";
			targets = (
				1876DEBF1FD125D400187AF5 /* OpenGLUT */,
			);
		};
/* End PBXProject section */

/* Begin PBXSourcesBuildPhase section */
		1876DEBC1FD125D400187AF5 /* Sources */ = {
			isa = PBXSourcesBuildPhase;
			buildActionMask = 2147483647;
			files = (
				18A8F27B1FD41A2000F90954 /* keyboard.cpp in Sources */,
				1876DEC41FD125D500187AF5 /* main.cpp in Sources */,
				18A8F27E1FD4234500F90954 /* display.cpp in Sources */,
			);
			runOnlyForDeploymentPostprocessing = 0;
		};
/* End PBXSourcesBuildPhase section */

/* Begin XCBuildConfiguration section */
		1876DEC51FD125D500187AF5 /* Debug */ = {
			isa = XCBuildConfiguration;
			buildSettings = {
				ALWAYS_SEARCH_USER_PATHS = NO;
				CLANG_ANALYZER_NONNULL = YES;
				CLANG_ANALYZER_NUMBER_OBJECT_CONVERSION = YES_AGGRESSIVE;
				CLANG_CXX_LANGUAGE_STANDARD = "gnu++14";
				CLANG_CXX_LIBRARY = "libc++";
				CLANG_ENABLE_MODULES = YES;
				CLANG_ENABLE_OBJC_ARC = YES;
				CLANG_WARN_BLOCK_CAPTURE_AUTORELEASING = YES;
				CLANG_WARN_BOOL_CONVERSION = YES;
				CLANG_WARN_COMMA = YES;
				CLANG_WARN_CONSTANT_CONVERSION = YES;
				CLANG_WARN_DIRECT_OBJC_ISA_USAGE = YES_ERROR;
				CLANG_WARN_DOCUMENTATION_COMMENTS = YES;
				CLANG_WARN_EMPTY_BODY = YES;
				CLANG_WARN_ENUM_CONVERSION = YES;
				CLANG_WARN_INFINITE_RECURSION = YES;
				CLANG_WARN_INT_CONVERSION = YES;
				CLANG_WARN_NON_LITERAL_NULL_CONVERSION = YES;
				CLANG_WARN_OBJC_LITERAL_CONVERSION = YES;
				CLANG_WARN_OBJC_ROOT_CLASS = YES_ERROR;
				CLANG_WARN_RANGE_LOOP_ANALYSIS = YES;
				CLANG_WARN_STRICT_PROTOTYPES = YES;
				CLANG_WARN_SUSPICIOUS_MOVE = YES;
				CLANG_WARN_UNGUARDED_AVAILABILITY = YES_AGGRESSIVE;
				CLANG_WARN_UNREACHABLE_CODE = YES;
				CLANG_WARN__DUPLICATE_METHOD_MATCH = YES;
				CODE_SIGN_IDENTITY = "-";
				COPY_PHASE_STRIP = NO;
				DEBUG_INFORMATION_FORMAT = dwarf;
				ENABLE_STRICT_OBJC_MSGSEND = YES;
				ENABLE_TESTABILITY = YES;
				GCC_C_LANGUAGE_STANDARD = gnu11;
				GCC_DYNAMIC_NO_PIC = NO;
				GCC_NO_COMMON_BLOCKS = YES;
				GCC_OPTIMIZATION_LEVEL = 0;
				GCC_PREPROCESSOR_DEFINITIONS = (
					"DEBUG=1",
					"$(inherited)",
				);
				GCC_WARN_64_TO_32_BIT_CONVERSION = YES;
				GCC_WARN_ABOUT_RETURN_TYPE = YES_ERROR;
				GCC_WARN_UNDECLARED_SELECTOR = YES;
				GCC_WARN_UNINITIALIZED_AUTOS = YES_AGGRESSIVE;
				GCC_WARN_UNUSED_FUNCTION = YES;
				GCC_WARN_UNUSED_VARIABLE = YES;
				MACOSX_DEPLOYMENT_TARGET = 10.12;
				MTL_ENABLE_DEBUG_INFO = YES;
				ONLY_ACTIVE_ARCH = YES;
				SDKROOT = macosx;
			};
			name = Debug;
		};
		1876DEC61FD125D500187AF5 /* Release */ = {
			isa = XCBuildConfiguration;
			buildSettings = {
				ALWAYS_SEARCH_USER_PATHS = NO;
				CLANG_ANALYZER_NONNULL = YES;
				CLANG_ANALYZER_NUMBER_OBJECT_CONVERSION = YES_AGGRESSIVE;
				CLANG_CXX_LANGUAGE_STANDARD = "gnu++14";
				CLANG_CXX_LIBRARY = "libc++";
				CLANG_ENABLE_MODULES = YES;
				CLANG_ENABLE_OBJC_ARC = YES;
				CLANG_WARN_BLOCK_CAPTURE_AUTORELEASING = YES;
				CLANG_WARN_BOOL_CONVERSION = YES;
				CLANG_WARN_COMMA = YES;
				CLANG_WARN_CONSTANT_CONVERSION = YES;
				CLANG_WARN_DIRECT_OBJC_ISA_USAGE = YES_ERROR;
				CLANG_WARN_DOCUMENTATION_COMMENTS = YES;
				CLANG_WARN_EMPTY_BODY = YES;
				CLANG_WARN_ENUM_CONVERSION = YES;
				CLANG_WARN_INFINITE_RECURSION = YES;
				CLANG_WARN_INT_CONVERSION = YES;
				CLANG_WARN_NON_LITERAL_NULL_CONVERSION = YES;
				CLANG_WARN_OBJC_LITERAL_CONVERSION = YES;
				CLANG_WARN_OBJC_ROOT_CLASS = YES_ERROR;
				CLANG_WARN_RANGE_LOOP_ANALYSIS = YES;
				CLANG_WARN_STRICT_PROTOTYPES = YES;
				CLANG_WARN_SUSPICIOUS_MOVE = YES;
				CLANG_WARN_UNGUARDED_AVAILABILITY = YES_AGGRESSIVE;
				CLANG_WARN_UNREACHABLE_CODE = YES;
				CLANG_WARN__DUPLICATE_METHOD_MATCH = YES;
				CODE_SIGN_IDENTITY = "-";
				COPY_PHASE_STRIP = NO;
				DEBUG_INFORMATION_FORMAT = "dwarf-with-dsym";
				ENABLE_NS_ASSERTIONS = NO;
				ENABLE_STRICT_OBJC_MSGSEND = YES;
				GCC_C_LANGUAGE_STANDARD = gnu11;
				GCC_NO_COMMON_BLOCKS = YES;
				GCC_WARN_64_TO_32_BIT_CONVERSION = YES;
				GCC_WARN_ABOUT_RETURN_TYPE = YES_ERROR;
				GCC_WARN_UNDECLARED_SELECTOR = YES;
				GCC_WARN_UNINITIALIZED_AUTOS = YES_AGGRESSIVE;
				GCC_WARN_UNUSED_FUNCTION = YES;
				GCC_WARN_UNUSED_VARIABLE = YES;
				MACOSX_DEPLOYMENT_TARGET = 10.12;
				MTL_ENABLE_DEBUG_INFO = NO;
				SDKROOT = macosx;
			};
			name = Release;
		};
		1876DEC81FD125D500187AF5 /* Debug */ = {
			isa = XCBuildConfiguration;
			buildSettings = {
				CODE_SIGN_STYLE = Automatic;
				MACOSX_DEPLOYMENT_TARGET = 10.8;
				PRODUCT_NAME = "$(TARGET_NAME)";
			};
			name = Debug;
		};
		1876DEC91FD125D500187AF5 /* Release */ = {
			isa = XCBuildConfiguration;
			buildSettings = {
				CODE_SIGN_STYLE = Automatic;
				MACOSX_DEPLOYMENT_TARGET = 10.8;
				PRODUCT_NAME = "$(TARGET_NAME)";
			};
			name = Release;
		};
/* End XCBuildConfiguration section */

/* Begin XCConfigurationList section */
		1876DEBB1FD125D400187AF5 /* Build configuration list for PBXProject "OpenGLUT" */ = {
			isa = XCConfigurationList;
			buildConfigurations = (
				1876DEC51FD125D500187AF5 /* Debug */,
				1876DEC61FD125D500187AF5 /* Release */,
			);
			defaultConfigurationIsVisible = 0;
			defaultConfigurationName = Release;
		};
		1876DEC71FD125D500187AF5 /* Build configuration list for PBXNativeTarget "OpenGLUT" */ = {
			isa = XCConfigurationList;
			buildConfigurations = (
				1876DEC81FD125D500187AF5 /* Debug */,
				1876DEC91FD125D500187AF5 /* Release */,
			);
			defaultConfigurationIsVisible = 0;
			defaultConfigurationName = Release;
		};
/* End XCConfigurationList section */
	};
	rootObject = 1876DEB81FD125D400187AF5 /* Project object */;
}
